
Microsoft Visual Studio Solution File, Format Version 12.00
# Visual Studio Version 17
VisualStudioVersion = 17.8.34525.116
MinimumVisualStudioVersion = 10.0.40219.1
Project("{8BC9CEB8-8B4A-11D0-8D11-00A0C91BC942}") = "SecondHomework", "Homework\Homework.vcxproj", "{C7CEDBE2-0FA7-464E-B35A-12E6EB7AE96D}"
EndProject
Project("{8BC9CEB8-8B4A-11D0-8D11-00A0C91BC942}") = "FirstHomework", "FirstHomework\FirstHomework.vcxproj", "{EE61417F-6E62-4B4B-81CB-E34B0BE9E737}"
EndProject
Project("{8BC9CEB8-8B4A-11D0-8D11-00A0C91BC942}") = "ThirdHomework", "ThirdHomework\ThirdHomework.vcxproj", "{74CCD62C-ED1F-451E-9A7C-E2F490FFD9DF}"
EndProject
Global
	GlobalSection(SolutionConfigurationPlatforms) = preSolution
		Debug|x64 = Debug|x64
		Debug|x86 = Debug|x86
		Release|x64 = Release|x64
		Release|x86 = Release|x86
	EndGlobalSection
	GlobalSection(ProjectConfigurationPlatforms) = postSolution
		{C7CEDBE2-0FA7-464E-B35A-12E6EB7AE96D}.Debug|x64.ActiveCfg = Debug|x64
		{C7CEDBE2-0FA7-464E-B35A-12E6EB7AE96D}.Debug|x64.Build.0 = Debug|x64
		{C7CEDBE2-0FA7-464E-B35A-12E6EB7AE96D}.Debug|x86.ActiveCfg = Debug|Win32
		{C7CEDBE2-0FA7-464E-B35A-12E6EB7AE96D}.Debug|x86.Build.0 = Debug|Win32
		{C7CEDBE2-0FA7-464E-B35A-12E6EB7AE96D}.Release|x64.ActiveCfg = Release|x64
		{C7CEDBE2-0FA7-464E-B35A-12E6EB7AE96D}.Release|x64.Build.0 = Release|x64
		{C7CEDBE2-0FA7-464E-B35A-12E6EB7AE96D}.Release|x86.ActiveCfg = Release|Win32
		{C7CEDBE2-0FA7-464E-B35A-12E6EB7AE96D}.Release|x86.Build.0 = Release|Win32
		{EE61417F-6E62-4B4B-81CB-E34B0BE9E737}.Debug|x64.ActiveCfg = Debug|x64
		{EE61417F-6E62-4B4B-81CB-E34B0BE9E737}.Debug|x64.Build.0 = Debug|x64
		{EE61417F-6E62-4B4B-81CB-E34B0BE9E737}.Debug|x86.ActiveCfg = Debug|Win32
		{EE61417F-6E62-4B4B-81CB-E34B0BE9E737}.Debug|x86.Build.0 = Debug|Win32
		{EE61417F-6E62-4B4B-81CB-E34B0BE9E737}.Release|x64.ActiveCfg = Release|x64
		{EE61417F-6E62-4B4B-81CB-E34B0BE9E737}.Release|x64.Build.0 = Release|x64
		{EE61417F-6E62-4B4B-81CB-E34B0BE9E737}.Release|x86.ActiveCfg = Release|Win32
		{EE61417F-6E62-4B4B-81CB-E34B0BE9E737}.Release|x86.Build.0 = Release|Win32
		{74CCD62C-ED1F-451E-9A7C-E2F490FFD9DF}.Debug|x64.ActiveCfg = Debug|x64
		{74CCD62C-ED1F-451E-9A7C-E2F490FFD9DF}.Debug|x64.Build.0 = Debug|x64
		{74CCD62C-ED1F-451E-9A7C-E2F490FFD9DF}.Debug|x86.ActiveCfg = Debug|Win32
		{74CCD62C-ED1F-451E-9A7C-E2F490FFD9DF}.Debug|x86.Build.0 = Debug|Win32
		{74CCD62C-ED1F-451E-9A7C-E2F490FFD9DF}.Release|x64.ActiveCfg = Release|x64
		{74CCD62C-ED1F-451E-9A7C-E2F490FFD9DF}.Release|x64.Build.0 = Release|x64
		{74CCD62C-ED1F-451E-9A7C-E2F490FFD9DF}.Release|x86.ActiveCfg = Release|Win32
		{74CCD62C-ED1F-451E-9A7C-E2F490FFD9DF}.Release|x86.Build.0 = Release|Win32
	EndGlobalSection
	GlobalSection(SolutionProperties) = preSolution
		HideSolutionNode = FALSE
	EndGlobalSection
	GlobalSection(ExtensibilityGlobals) = postSolution
		SolutionGuid = {1A397655-AB9D-4192-A533-D579B7562F44}
	EndGlobalSection
EndGlobal
